
Microsoft Visual Studio Solution File, Format Version 12.00
# Visual Studio Version 17
VisualStudioVersion = 17.9.34728.123
MinimumVisualStudioVersion = 10.0.40219.1
Project("{FAE04EC0-301F-11D3-BF4B-00C04F79EFBC}") = "SenderGRPC", "SenderGRPC.csproj", "{FE9AAC7B-0E96-477E-8837-E167C2C51CA6}"
EndProject
Project("{FAE04EC0-301F-11D3-BF4B-00C04F79EFBC}") = "BrokerGRPC", "..\BrokerGRPC\BrokerGRPC.csproj", "{89C559E3-1DA4-4F04-8AE1-A17A1E95A3B9}"
EndProject
Project("{FAE04EC0-301F-11D3-BF4B-00C04F79EFBC}") = "ReceiverGRPC", "..\ReceiverGRPC\ReceiverGRPC.csproj", "{ED5D1C02-041D-4528-9367-28BDCD091C1E}"
EndProject
Project("{2150E333-8FDC-42A3-9474-1A3956D46DE8}") = "Protos", "Protos", "{A7B2BB78-91FF-4275-9A3A-7CB604701452}"
	ProjectSection(SolutionItems) = preProject
		message.proto = message.proto
	EndProjectSection
EndProject
Global
	GlobalSection(SolutionConfigurationPlatforms) = preSolution
		Debug|Any CPU = Debug|Any CPU
		Release|Any CPU = Release|Any CPU
	EndGlobalSection
	GlobalSection(ProjectConfigurationPlatforms) = postSolution
		{FE9AAC7B-0E96-477E-8837-E167C2C51CA6}.Debug|Any CPU.ActiveCfg = Debug|Any CPU
		{FE9AAC7B-0E96-477E-8837-E167C2C51CA6}.Debug|Any CPU.Build.0 = Debug|Any CPU
		{FE9AAC7B-0E96-477E-8837-E167C2C51CA6}.Release|Any CPU.ActiveCfg = Release|Any CPU
		{FE9AAC7B-0E96-477E-8837-E167C2C51CA6}.Release|Any CPU.Build.0 = Release|Any CPU
		{89C559E3-1DA4-4F04-8AE1-A17A1E95A3B9}.Debug|Any CPU.ActiveCfg = Debug|Any CPU
		{89C559E3-1DA4-4F04-8AE1-A17A1E95A3B9}.Debug|Any CPU.Build.0 = Debug|Any CPU
		{89C559E3-1DA4-4F04-8AE1-A17A1E95A3B9}.Release|Any CPU.ActiveCfg = Release|Any CPU
		{89C559E3-1DA4-4F04-8AE1-A17A1E95A3B9}.Release|Any CPU.Build.0 = Release|Any CPU
		{ED5D1C02-041D-4528-9367-28BDCD091C1E}.Debug|Any CPU.ActiveCfg = Debug|Any CPU
		{ED5D1C02-041D-4528-9367-28BDCD091C1E}.Debug|Any CPU.Build.0 = Debug|Any CPU
		{ED5D1C02-041D-4528-9367-28BDCD091C1E}.Release|Any CPU.ActiveCfg = Release|Any CPU
		{ED5D1C02-041D-4528-9367-28BDCD091C1E}.Release|Any CPU.Build.0 = Release|Any CPU
	EndGlobalSection
	GlobalSection(SolutionProperties) = preSolution
		HideSolutionNode = FALSE
	EndGlobalSection
	GlobalSection(ExtensibilityGlobals) = postSolution
		SolutionGuid = {9992B23B-013F-40F6-B061-02B4D57E513B}
	EndGlobalSection
EndGlobal
